// !$*UTF8*$!
{
	archiveVersion = 1;
	classes = {
	};
	objectVersion = 50;
	objects = {

/* Begin PBXBuildFile section */
		0A7834D4FACAA076553D33EB /* Pods_Test.framework in Frameworks */ = {isa = PBXBuildFile; fileRef = 4A77715091DB69C49AE65B6E /* Pods_Test.framework */; };
		97892AB12AF6E87FD04B8544 /* Pods_TestTests.framework in Frameworks */ = {isa = PBXBuildFile; fileRef = 77FAF86B716A09B5D1C55817 /* Pods_TestTests.framework */; };
		EDF5D26324F93F0D003C3C5D /* AppDelegate.swift in Sources */ = {isa = PBXBuildFile; fileRef = EDF5D26224F93F0D003C3C5D /* AppDelegate.swift */; };
		EDF5D26524F93F0E003C3C5D /* SceneDelegate.swift in Sources */ = {isa = PBXBuildFile; fileRef = EDF5D26424F93F0E003C3C5D /* SceneDelegate.swift */; };
		EDF5D26724F93F0E003C3C5D /* ViewController.swift in Sources */ = {isa = PBXBuildFile; fileRef = EDF5D26624F93F0E003C3C5D /* ViewController.swift */; };
		EDF5D26A24F93F0E003C3C5D /* Main.storyboard in Resources */ = {isa = PBXBuildFile; fileRef = EDF5D26824F93F0E003C3C5D /* Main.storyboard */; };
		EDF5D26D24F93F0E003C3C5D /* Test.xcdatamodeld in Sources */ = {isa = PBXBuildFile; fileRef = EDF5D26B24F93F0E003C3C5D /* Test.xcdatamodeld */; };
		EDF5D26F24F93F0E003C3C5D /* Assets.xcassets in Resources */ = {isa = PBXBuildFile; fileRef = EDF5D26E24F93F0E003C3C5D /* Assets.xcassets */; };
		EDF5D27224F93F0E003C3C5D /* LaunchScreen.storyboard in Resources */ = {isa = PBXBuildFile; fileRef = EDF5D27024F93F0E003C3C5D /* LaunchScreen.storyboard */; };
		EDF5D27D24F93F0E003C3C5D /* TestTests.swift in Sources */ = {isa = PBXBuildFile; fileRef = EDF5D27C24F93F0E003C3C5D /* TestTests.swift */; };
		EDF5D28824F93F0E003C3C5D /* TestUITests.swift in Sources */ = {isa = PBXBuildFile; fileRef = EDF5D28724F93F0E003C3C5D /* TestUITests.swift */; };
		F60679B63CED3089E19E285C /* Pods_Test_TestUITests.framework in Frameworks */ = {isa = PBXBuildFile; fileRef = 3944C8824F7C475CED62E546 /* Pods_Test_TestUITests.framework */; };
/* End PBXBuildFile section */

/* Begin PBXContainerItemProxy section */
		EDF5D27924F93F0E003C3C5D /* PBXContainerItemProxy */ = {
			isa = PBXContainerItemProxy;
			containerPortal = EDF5D25724F93F0D003C3C5D /* Project object */;
			proxyType = 1;
			remoteGlobalIDString = EDF5D25E24F93F0D003C3C5D;
			remoteInfo = Test;
		};
		EDF5D28424F93F0E003C3C5D /* PBXContainerItemProxy */ = {
			isa = PBXContainerItemProxy;
			containerPortal = EDF5D25724F93F0D003C3C5D /* Project object */;
			proxyType = 1;
			remoteGlobalIDString = EDF5D25E24F93F0D003C3C5D;
			remoteInfo = Test;
		};
/* End PBXContainerItemProxy section */

/* Begin PBXFileReference section */
		1E16A919E3EC60AEB39E7F67 /* Pods-Test.release.xcconfig */ = {isa = PBXFileReference; includeInIndex = 1; lastKnownFileType = text.xcconfig; name = "Pods-Test.release.xcconfig"; path = "Target Support Files/Pods-Test/Pods-Test.release.xcconfig"; sourceTree = "<group>"; };
		2DB4443F51985EB763FC1FD2 /* Pods-Test.debug.xcconfig */ = {isa = PBXFileReference; includeInIndex = 1; lastKnownFileType = text.xcconfig; name = "Pods-Test.debug.xcconfig"; path = "Target Support Files/Pods-Test/Pods-Test.debug.xcconfig"; sourceTree = "<group>"; };
		3944C8824F7C475CED62E546 /* Pods_Test_TestUITests.framework */ = {isa = PBXFileReference; explicitFileType = wrapper.framework; includeInIndex = 0; path = Pods_Test_TestUITests.framework; sourceTree = BUILT_PRODUCTS_DIR; };
		3E0C484B4E0B37A0FDBBC784 /* Pods-Test-TestUITests.debug.xcconfig */ = {isa = PBXFileReference; includeInIndex = 1; lastKnownFileType = text.xcconfig; name = "Pods-Test-TestUITests.debug.xcconfig"; path = "Target Support Files/Pods-Test-TestUITests/Pods-Test-TestUITests.debug.xcconfig"; sourceTree = "<group>"; };
		4A77715091DB69C49AE65B6E /* Pods_Test.framework */ = {isa = PBXFileReference; explicitFileType = wrapper.framework; includeInIndex = 0; path = Pods_Test.framework; sourceTree = BUILT_PRODUCTS_DIR; };
		57FFDF707C4D5C9E3AA5EDFE /* Pods-TestTests.release.xcconfig */ = {isa = PBXFileReference; includeInIndex = 1; lastKnownFileType = text.xcconfig; name = "Pods-TestTests.release.xcconfig"; path = "Target Support Files/Pods-TestTests/Pods-TestTests.release.xcconfig"; sourceTree = "<group>"; };
		5F14D1CA08BFE8DCE0D3ADCE /* Pods-Test-TestUITests.release.xcconfig */ = {isa = PBXFileReference; includeInIndex = 1; lastKnownFileType = text.xcconfig; name = "Pods-Test-TestUITests.release.xcconfig"; path = "Target Support Files/Pods-Test-TestUITests/Pods-Test-TestUITests.release.xcconfig"; sourceTree = "<group>"; };
		77FAF86B716A09B5D1C55817 /* Pods_TestTests.framework */ = {isa = PBXFileReference; explicitFileType = wrapper.framework; includeInIndex = 0; path = Pods_TestTests.framework; sourceTree = BUILT_PRODUCTS_DIR; };
		944578B8237F760F79BA5DA2 /* Pods-TestTests.debug.xcconfig */ = {isa = PBXFileReference; includeInIndex = 1; lastKnownFileType = text.xcconfig; name = "Pods-TestTests.debug.xcconfig"; path = "Target Support Files/Pods-TestTests/Pods-TestTests.debug.xcconfig"; sourceTree = "<group>"; };
		EDF5D25F24F93F0D003C3C5D /* Test.app */ = {isa = PBXFileReference; explicitFileType = wrapper.application; includeInIndex = 0; path = Test.app; sourceTree = BUILT_PRODUCTS_DIR; };
		EDF5D26224F93F0D003C3C5D /* AppDelegate.swift */ = {isa = PBXFileReference; lastKnownFileType = sourcecode.swift; path = AppDelegate.swift; sourceTree = "<group>"; };
		EDF5D26424F93F0E003C3C5D /* SceneDelegate.swift */ = {isa = PBXFileReference; lastKnownFileType = sourcecode.swift; path = SceneDelegate.swift; sourceTree = "<group>"; };
		EDF5D26624F93F0E003C3C5D /* ViewController.swift */ = {isa = PBXFileReference; lastKnownFileType = sourcecode.swift; path = ViewController.swift; sourceTree = "<group>"; };
		EDF5D26924F93F0E003C3C5D /* Base */ = {isa = PBXFileReference; lastKnownFileType = file.storyboard; name = Base; path = Base.lproj/Main.storyboard; sourceTree = "<group>"; };
		EDF5D26C24F93F0E003C3C5D /* Test.xcdatamodel */ = {isa = PBXFileReference; lastKnownFileType = wrapper.xcdatamodel; path = Test.xcdatamodel; sourceTree = "<group>"; };
		EDF5D26E24F93F0E003C3C5D /* Assets.xcassets */ = {isa = PBXFileReference; lastKnownFileType = folder.assetcatalog; path = Assets.xcassets; sourceTree = "<group>"; };
		EDF5D27124F93F0E003C3C5D /* Base */ = {isa = PBXFileReference; lastKnownFileType = file.storyboard; name = Base; path = Base.lproj/LaunchScreen.storyboard; sourceTree = "<group>"; };
		EDF5D27324F93F0E003C3C5D /* Info.plist */ = {isa = PBXFileReference; lastKnownFileType = text.plist.xml; path = Info.plist; sourceTree = "<group>"; };
		EDF5D27824F93F0E003C3C5D /* TestTests.xctest */ = {isa = PBXFileReference; explicitFileType = wrapper.cfbundle; includeInIndex = 0; path = TestTests.xctest; sourceTree = BUILT_PRODUCTS_DIR; };
		EDF5D27C24F93F0E003C3C5D /* TestTests.swift */ = {isa = PBXFileReference; lastKnownFileType = sourcecode.swift; path = TestTests.swift; sourceTree = "<group>"; };
		EDF5D27E24F93F0E003C3C5D /* Info.plist */ = {isa = PBXFileReference; lastKnownFileType = text.plist.xml; path = Info.plist; sourceTree = "<group>"; };
		EDF5D28324F93F0E003C3C5D /* TestUITests.xctest */ = {isa = PBXFileReference; explicitFileType = wrapper.cfbundle; includeInIndex = 0; path = TestUITests.xctest; sourceTree = BUILT_PRODUCTS_DIR; };
		EDF5D28724F93F0E003C3C5D /* TestUITests.swift */ = {isa = PBXFileReference; lastKnownFileType = sourcecode.swift; path = TestUITests.swift; sourceTree = "<group>"; };
		EDF5D28924F93F0E003C3C5D /* Info.plist */ = {isa = PBXFileReference; lastKnownFileType = text.plist.xml; path = Info.plist; sourceTree = "<group>"; };
/* End PBXFileReference section */

/* Begin PBXFrameworksBuildPhase section */
		EDF5D25C24F93F0D003C3C5D /* Frameworks */ = {
			isa = PBXFrameworksBuildPhase;
			buildActionMask = 2147483647;
			files = (
				0A7834D4FACAA076553D33EB /* Pods_Test.framework in Frameworks */,
			);
			runOnlyForDeploymentPostprocessing = 0;
		};
		EDF5D27524F93F0E003C3C5D /* Frameworks */ = {
			isa = PBXFrameworksBuildPhase;
			buildActionMask = 2147483647;
			files = (
				97892AB12AF6E87FD04B8544 /* Pods_TestTests.framework in Frameworks */,
			);
			runOnlyForDeploymentPostprocessing = 0;
		};
		EDF5D28024F93F0E003C3C5D /* Frameworks */ = {
			isa = PBXFrameworksBuildPhase;
			buildActionMask = 2147483647;
			files = (
				F60679B63CED3089E19E285C /* Pods_Test_TestUITests.framework in Frameworks */,
			);
			runOnlyForDeploymentPostprocessing = 0;
		};
/* End PBXFrameworksBuildPhase section */

/* Begin PBXGroup section */
		7B37D5530786B1A9153A19CD /* Pods */ = {
			isa = PBXGroup;
			children = (
				2DB4443F51985EB763FC1FD2 /* Pods-Test.debug.xcconfig */,
				1E16A919E3EC60AEB39E7F67 /* Pods-Test.release.xcconfig */,
				3E0C484B4E0B37A0FDBBC784 /* Pods-Test-TestUITests.debug.xcconfig */,
				5F14D1CA08BFE8DCE0D3ADCE /* Pods-Test-TestUITests.release.xcconfig */,
				944578B8237F760F79BA5DA2 /* Pods-TestTests.debug.xcconfig */,
				57FFDF707C4D5C9E3AA5EDFE /* Pods-TestTests.release.xcconfig */,
			);
			name = Pods;
			path = Pods;
			sourceTree = "<group>";
		};
		967594B3A76C72422B505325 /* Frameworks */ = {
			isa = PBXGroup;
			children = (
				4A77715091DB69C49AE65B6E /* Pods_Test.framework */,
				3944C8824F7C475CED62E546 /* Pods_Test_TestUITests.framework */,
				77FAF86B716A09B5D1C55817 /* Pods_TestTests.framework */,
			);
			name = Frameworks;
			sourceTree = "<group>";
		};
		EDF5D25624F93F0D003C3C5D = {
			isa = PBXGroup;
			children = (
				EDF5D26124F93F0D003C3C5D /* Test */,
				EDF5D27B24F93F0E003C3C5D /* TestTests */,
				EDF5D28624F93F0E003C3C5D /* TestUITests */,
				EDF5D26024F93F0D003C3C5D /* Products */,
				7B37D5530786B1A9153A19CD /* Pods */,
				967594B3A76C72422B505325 /* Frameworks */,
			);
			sourceTree = "<group>";
		};
		EDF5D26024F93F0D003C3C5D /* Products */ = {
			isa = PBXGroup;
			children = (
				EDF5D25F24F93F0D003C3C5D /* Test.app */,
				EDF5D27824F93F0E003C3C5D /* TestTests.xctest */,
				EDF5D28324F93F0E003C3C5D /* TestUITests.xctest */,
			);
			name = Products;
			sourceTree = "<group>";
		};
		EDF5D26124F93F0D003C3C5D /* Test */ = {
			isa = PBXGroup;
			children = (
				EDF5D26224F93F0D003C3C5D /* AppDelegate.swift */,
				EDF5D26424F93F0E003C3C5D /* SceneDelegate.swift */,
				EDF5D26624F93F0E003C3C5D /* ViewController.swift */,
				EDF5D26824F93F0E003C3C5D /* Main.storyboard */,
				EDF5D26E24F93F0E003C3C5D /* Assets.xcassets */,
				EDF5D27024F93F0E003C3C5D /* LaunchScreen.storyboard */,
				EDF5D27324F93F0E003C3C5D /* Info.plist */,
				EDF5D26B24F93F0E003C3C5D /* Test.xcdatamodeld */,
			);
			path = Test;
			sourceTree = "<group>";
		};
		EDF5D27B24F93F0E003C3C5D /* TestTests */ = {
			isa = PBXGroup;
			children = (
				EDF5D27C24F93F0E003C3C5D /* TestTests.swift */,
				EDF5D27E24F93F0E003C3C5D /* Info.plist */,
			);
			path = TestTests;
			sourceTree = "<group>";
		};
		EDF5D28624F93F0E003C3C5D /* TestUITests */ = {
			isa = PBXGroup;
			children = (
				EDF5D28724F93F0E003C3C5D /* TestUITests.swift */,
				EDF5D28924F93F0E003C3C5D /* Info.plist */,
			);
			path = TestUITests;
			sourceTree = "<group>";
		};
/* End PBXGroup section */

/* Begin PBXNativeTarget section */
		EDF5D25E24F93F0D003C3C5D /* Test */ = {
			isa = PBXNativeTarget;
			buildConfigurationList = EDF5D28C24F93F0E003C3C5D /* Build configuration list for PBXNativeTarget "Test" */;
			buildPhases = (
				E6E3646387F554458102E81D /* [CP] Check Pods Manifest.lock */,
				EDF5D25B24F93F0D003C3C5D /* Sources */,
				EDF5D25C24F93F0D003C3C5D /* Frameworks */,
				EDF5D25D24F93F0D003C3C5D /* Resources */,
				A43057B70711C88EE7027E8A /* [CP] Embed Pods Frameworks */,
			);
			buildRules = (
			);
			dependencies = (
			);
			name = Test;
			productName = Test;
			productReference = EDF5D25F24F93F0D003C3C5D /* Test.app */;
			productType = "com.apple.product-type.application";
		};
		EDF5D27724F93F0E003C3C5D /* TestTests */ = {
			isa = PBXNativeTarget;
			buildConfigurationList = EDF5D28F24F93F0E003C3C5D /* Build configuration list for PBXNativeTarget "TestTests" */;
			buildPhases = (
				0A42666332405BC2EBB80927 /* [CP] Check Pods Manifest.lock */,
				EDF5D27424F93F0E003C3C5D /* Sources */,
				EDF5D27524F93F0E003C3C5D /* Frameworks */,
				EDF5D27624F93F0E003C3C5D /* Resources */,
			);
			buildRules = (
			);
			dependencies = (
				EDF5D27A24F93F0E003C3C5D /* PBXTargetDependency */,
			);
			name = TestTests;
			productName = TestTests;
			productReference = EDF5D27824F93F0E003C3C5D /* TestTests.xctest */;
			productType = "com.apple.product-type.bundle.unit-test";
		};
		EDF5D28224F93F0E003C3C5D /* TestUITests */ = {
			isa = PBXNativeTarget;
			buildConfigurationList = EDF5D29224F93F0E003C3C5D /* Build configuration list for PBXNativeTarget "TestUITests" */;
			buildPhases = (
				2D8285B20EFC34894E11CA62 /* [CP] Check Pods Manifest.lock */,
				EDF5D27F24F93F0E003C3C5D /* Sources */,
				EDF5D28024F93F0E003C3C5D /* Frameworks */,
				EDF5D28124F93F0E003C3C5D /* Resources */,
				3E41493E45AA822375B5A341 /* [CP] Embed Pods Frameworks */,
			);
			buildRules = (
			);
			dependencies = (
				EDF5D28524F93F0E003C3C5D /* PBXTargetDependency */,
			);
			name = TestUITests;
			productName = TestUITests;
			productReference = EDF5D28324F93F0E003C3C5D /* TestUITests.xctest */;
			productType = "com.apple.product-type.bundle.ui-testing";
		};
/* End PBXNativeTarget section */

/* Begin PBXProject section */
		EDF5D25724F93F0D003C3C5D /* Project object */ = {
			isa = PBXProject;
			attributes = {
				LastSwiftUpdateCheck = 1160;
				LastUpgradeCheck = 1160;
				ORGANIZATIONNAME = DeepSpace;
				TargetAttributes = {
					EDF5D25E24F93F0D003C3C5D = {
						CreatedOnToolsVersion = 11.6;
					};
					EDF5D27724F93F0E003C3C5D = {
						CreatedOnToolsVersion = 11.6;
						TestTargetID = EDF5D25E24F93F0D003C3C5D;
					};
					EDF5D28224F93F0E003C3C5D = {
						CreatedOnToolsVersion = 11.6;
						TestTargetID = EDF5D25E24F93F0D003C3C5D;
					};
				};
			};
			buildConfigurationList = EDF5D25A24F93F0D003C3C5D /* Build configuration list for PBXProject "Test" */;
			compatibilityVersion = "Xcode 9.3";
			developmentRegion = en;
			hasScannedForEncodings = 0;
			knownRegions = (
				en,
				Base,
			);
			mainGroup = EDF5D25624F93F0D003C3C5D;
			productRefGroup = EDF5D26024F93F0D003C3C5D /* Products */;
			projectDirPath = "";
			projectRoot = "";
			targets = (
				EDF5D25E24F93F0D003C3C5D /* Test */,
				EDF5D27724F93F0E003C3C5D /* TestTests */,
				EDF5D28224F93F0E003C3C5D /* TestUITests */,
			);
		};
/* End PBXProject section */

/* Begin PBXResourcesBuildPhase section */
		EDF5D25D24F93F0D003C3C5D /* Resources */ = {
			isa = PBXResourcesBuildPhase;
			buildActionMask = 2147483647;
			files = (
				EDF5D27224F93F0E003C3C5D /* LaunchScreen.storyboard in Resources */,
				EDF5D26F24F93F0E003C3C5D /* Assets.xcassets in Resources */,
				EDF5D26A24F93F0E003C3C5D /* Main.storyboard in Resources */,
			);
			runOnlyForDeploymentPostprocessing = 0;
		};
		EDF5D27624F93F0E003C3C5D /* Resources */ = {
			isa = PBXResourcesBuildPhase;
			buildActionMask = 2147483647;
			files = (
			);
			runOnlyForDeploymentPostprocessing = 0;
		};
		EDF5D28124F93F0E003C3C5D /* Resources */ = {
			isa = PBXResourcesBuildPhase;
			buildActionMask = 2147483647;
			files = (
			);
			runOnlyForDeploymentPostprocessing = 0;
		};
/* End PBXResourcesBuildPhase section */

/* Begin PBXShellScriptBuildPhase section */
		0A42666332405BC2EBB80927 /* [CP] Check Pods Manifest.lock */ = {
			isa = PBXShellScriptBuildPhase;
			buildActionMask = 2147483647;
			files = (
			);
			inputFileListPaths = (
			);
			inputPaths = (
				"${PODS_PODFILE_DIR_PATH}/Podfile.lock",
				"${PODS_ROOT}/Manifest.lock",
			);
			name = "[CP] Check Pods Manifest.lock";
			outputFileListPaths = (
			);
			outputPaths = (
				"$(DERIVED_FILE_DIR)/Pods-TestTests-checkManifestLockResult.txt",
			);
			runOnlyForDeploymentPostprocessing = 0;
			shellPath = /bin/sh;
			shellScript = "diff \"${PODS_PODFILE_DIR_PATH}/Podfile.lock\" \"${PODS_ROOT}/Manifest.lock\" > /dev/null\nif [ $? != 0 ] ; then\n    # print error to STDERR\n    echo \"error: The sandbox is not in sync with the Podfile.lock. Run 'pod install' or update your CocoaPods installation.\" >&2\n    exit 1\nfi\n# This output is used by Xcode 'outputs' to avoid re-running this script phase.\necho \"SUCCESS\" > \"${SCRIPT_OUTPUT_FILE_0}\"\n";
			showEnvVarsInLog = 0;
		};
		2D8285B20EFC34894E11CA62 /* [CP] Check Pods Manifest.lock */ = {
			isa = PBXShellScriptBuildPhase;
			buildActionMask = 2147483647;
			files = (
			);
			inputFileListPaths = (
			);
			inputPaths = (
				"${PODS_PODFILE_DIR_PATH}/Podfile.lock",
				"${PODS_ROOT}/Manifest.lock",
			);
			name = "[CP] Check Pods Manifest.lock";
			outputFileListPaths = (
			);
			outputPaths = (
				"$(DERIVED_FILE_DIR)/Pods-Test-TestUITests-checkManifestLockResult.txt",
			);
			runOnlyForDeploymentPostprocessing = 0;
			shellPath = /bin/sh;
			shellScript = "diff \"${PODS_PODFILE_DIR_PATH}/Podfile.lock\" \"${PODS_ROOT}/Manifest.lock\" > /dev/null\nif [ $? != 0 ] ; then\n    # print error to STDERR\n    echo \"error: The sandbox is not in sync with the Podfile.lock. Run 'pod install' or update your CocoaPods installation.\" >&2\n    exit 1\nfi\n# This output is used by Xcode 'outputs' to avoid re-running this script phase.\necho \"SUCCESS\" > \"${SCRIPT_OUTPUT_FILE_0}\"\n";
			showEnvVarsInLog = 0;
		};
		3E41493E45AA822375B5A341 /* [CP] Embed Pods Frameworks */ = {
			isa = PBXShellScriptBuildPhase;
			buildActionMask = 2147483647;
			files = (
			);
			inputFileListPaths = (
				"${PODS_ROOT}/Target Support Files/Pods-Test-TestUITests/Pods-Test-TestUITests-frameworks-${CONFIGURATION}-input-files.xcfilelist",
			);
			name = "[CP] Embed Pods Frameworks";
			outputFileListPaths = (
				"${PODS_ROOT}/Target Support Files/Pods-Test-TestUITests/Pods-Test-TestUITests-frameworks-${CONFIGURATION}-output-files.xcfilelist",
			);
			runOnlyForDeploymentPostprocessing = 0;
			shellPath = /bin/sh;
			shellScript = "\"${PODS_ROOT}/Target Support Files/Pods-Test-TestUITests/Pods-Test-TestUITests-frameworks.sh\"\n";
			showEnvVarsInLog = 0;
		};
		A43057B70711C88EE7027E8A /* [CP] Embed Pods Frameworks */ = {
			isa = PBXShellScriptBuildPhase;
			buildActionMask = 2147483647;
			files = (
			);
			inputFileListPaths = (
				"${PODS_ROOT}/Target Support Files/Pods-Test/Pods-Test-frameworks-${CONFIGURATION}-input-files.xcfilelist",
			);
			name = "[CP] Embed Pods Frameworks";
			outputFileListPaths = (
				"${PODS_ROOT}/Target Support Files/Pods-Test/Pods-Test-frameworks-${CONFIGURATION}-output-files.xcfilelist",
			);
			runOnlyForDeploymentPostprocessing = 0;
			shellPath = /bin/sh;
			shellScript = "\"${PODS_ROOT}/Target Support Files/Pods-Test/Pods-Test-frameworks.sh\"\n";
			showEnvVarsInLog = 0;
		};
		E6E3646387F554458102E81D /* [CP] Check Pods Manifest.lock */ = {
			isa = PBXShellScriptBuildPhase;
			buildActionMask = 2147483647;
			files = (
			);
			inputFileListPaths = (
			);
			inputPaths = (
				"${PODS_PODFILE_DIR_PATH}/Podfile.lock",
				"${PODS_ROOT}/Manifest.lock",
			);
			name = "[CP] Check Pods Manifest.lock";
			outputFileListPaths = (
			);
			outputPaths = (
				"$(DERIVED_FILE_DIR)/Pods-Test-checkManifestLockResult.txt",
			);
			runOnlyForDeploymentPostprocessing = 0;
			shellPath = /bin/sh;
			shellScript = "diff \"${PODS_PODFILE_DIR_PATH}/Podfile.lock\" \"${PODS_ROOT}/Manifest.lock\" > /dev/null\nif [ $? != 0 ] ; then\n    # print error to STDERR\n    echo \"error: The sandbox is not in sync with the Podfile.lock. Run 'pod install' or update your CocoaPods installation.\" >&2\n    exit 1\nfi\n# This output is used by Xcode 'outputs' to avoid re-running this script phase.\necho \"SUCCESS\" > \"${SCRIPT_OUTPUT_FILE_0}\"\n";
			showEnvVarsInLog = 0;
		};
/* End PBXShellScriptBuildPhase section */

/* Begin PBXSourcesBuildPhase section */
		EDF5D25B24F93F0D003C3C5D /* Sources */ = {
			isa = PBXSourcesBuildPhase;
			buildActionMask = 2147483647;
			files = (
				EDF5D26724F93F0E003C3C5D /* ViewController.swift in Sources */,
				EDF5D26D24F93F0E003C3C5D /* Test.xcdatamodeld in Sources */,
				EDF5D26324F93F0D003C3C5D /* AppDelegate.swift in Sources */,
				EDF5D26524F93F0E003C3C5D /* SceneDelegate.swift in Sources */,
			);
			runOnlyForDeploymentPostprocessing = 0;
		};
		EDF5D27424F93F0E003C3C5D /* Sources */ = {
			isa = PBXSourcesBuildPhase;
			buildActionMask = 2147483647;
			files = (
				EDF5D27D24F93F0E003C3C5D /* TestTests.swift in Sources */,
			);
			runOnlyForDeploymentPostprocessing = 0;
		};
		EDF5D27F24F93F0E003C3C5D /* Sources */ = {
			isa = PBXSourcesBuildPhase;
			buildActionMask = 2147483647;
			files = (
				EDF5D28824F93F0E003C3C5D /* TestUITests.swift in Sources */,
			);
			runOnlyForDeploymentPostprocessing = 0;
		};
/* End PBXSourcesBuildPhase section */

/* Begin PBXTargetDependency section */
		EDF5D27A24F93F0E003C3C5D /* PBXTargetDependency */ = {
			isa = PBXTargetDependency;
			target = EDF5D25E24F93F0D003C3C5D /* Test */;
			targetProxy = EDF5D27924F93F0E003C3C5D /* PBXContainerItemProxy */;
		};
		EDF5D28524F93F0E003C3C5D /* PBXTargetDependency */ = {
			isa = PBXTargetDependency;
			target = EDF5D25E24F93F0D003C3C5D /* Test */;
			targetProxy = EDF5D28424F93F0E003C3C5D /* PBXContainerItemProxy */;
		};
/* End PBXTargetDependency section */

/* Begin PBXVariantGroup section */
		EDF5D26824F93F0E003C3C5D /* Main.storyboard */ = {
			isa = PBXVariantGroup;
			children = (
				EDF5D26924F93F0E003C3C5D /* Base */,
			);
			name = Main.storyboard;
			sourceTree = "<group>";
		};
		EDF5D27024F93F0E003C3C5D /* LaunchScreen.storyboard */ = {
			isa = PBXVariantGroup;
			children = (
				EDF5D27124F93F0E003C3C5D /* Base */,
			);
			name = LaunchScreen.storyboard;
			sourceTree = "<group>";
		};
/* End PBXVariantGroup section */

/* Begin XCBuildConfiguration section */
		EDF5D28A24F93F0E003C3C5D /* Debug */ = {
			isa = XCBuildConfiguration;
			buildSettings = {
				ALWAYS_SEARCH_USER_PATHS = NO;
				CLANG_ANALYZER_NONNULL = YES;
				CLANG_ANALYZER_NUMBER_OBJECT_CONVERSION = YES_AGGRESSIVE;
				CLANG_CXX_LANGUAGE_STANDARD = "gnu++14";
				CLANG_CXX_LIBRARY = "libc++";
				CLANG_ENABLE_MODULES = YES;
				CLANG_ENABLE_OBJC_ARC = YES;
				CLANG_ENABLE_OBJC_WEAK = YES;
				CLANG_WARN_BLOCK_CAPTURE_AUTORELEASING = YES;
				CLANG_WARN_BOOL_CONVERSION = YES;
				CLANG_WARN_COMMA = YES;
				CLANG_WARN_CONSTANT_CONVERSION = YES;
				CLANG_WARN_DEPRECATED_OBJC_IMPLEMENTATIONS = YES;
				CLANG_WARN_DIRECT_OBJC_ISA_USAGE = YES_ERROR;
				CLANG_WARN_DOCUMENTATION_COMMENTS = YES;
				CLANG_WARN_EMPTY_BODY = YES;
				CLANG_WARN_ENUM_CONVERSION = YES;
				CLANG_WARN_INFINITE_RECURSION = YES;
				CLANG_WARN_INT_CONVERSION = YES;
				CLANG_WARN_NON_LITERAL_NULL_CONVERSION = YES;
				CLANG_WARN_OBJC_IMPLICIT_RETAIN_SELF = YES;
				CLANG_WARN_OBJC_LITERAL_CONVERSION = YES;
				CLANG_WARN_OBJC_ROOT_CLASS = YES_ERROR;
				CLANG_WARN_RANGE_LOOP_ANALYSIS = YES;
				CLANG_WARN_STRICT_PROTOTYPES = YES;
				CLANG_WARN_SUSPICIOUS_MOVE = YES;
				CLANG_WARN_UNGUARDED_AVAILABILITY = YES_AGGRESSIVE;
				CLANG_WARN_UNREACHABLE_CODE = YES;
				CLANG_WARN__DUPLICATE_METHOD_MATCH = YES;
				COPY_PHASE_STRIP = NO;
				DEBUG_INFORMATION_FORMAT = dwarf;
				ENABLE_STRICT_OBJC_MSGSEND = YES;
				ENABLE_TESTABILITY = YES;
				GCC_C_LANGUAGE_STANDARD = gnu11;
				GCC_DYNAMIC_NO_PIC = NO;
				GCC_NO_COMMON_BLOCKS = YES;
				GCC_OPTIMIZATION_LEVEL = 0;
				GCC_PREPROCESSOR_DEFINITIONS = (
					"DEBUG=1",
					"$(inherited)",
				);
				GCC_WARN_64_TO_32_BIT_CONVERSION = YES;
				GCC_WARN_ABOUT_RETURN_TYPE = YES_ERROR;
				GCC_WARN_UNDECLARED_SELECTOR = YES;
				GCC_WARN_UNINITIALIZED_AUTOS = YES_AGGRESSIVE;
				GCC_WARN_UNUSED_FUNCTION = YES;
				GCC_WARN_UNUSED_VARIABLE = YES;
				IPHONEOS_DEPLOYMENT_TARGET = 13.6;
				MTL_ENABLE_DEBUG_INFO = INCLUDE_SOURCE;
				MTL_FAST_MATH = YES;
				ONLY_ACTIVE_ARCH = YES;
				SDKROOT = iphoneos;
				SWIFT_ACTIVE_COMPILATION_CONDITIONS = DEBUG;
				SWIFT_OPTIMIZATION_LEVEL = "-Onone";
			};
			name = Debug;
		};
		EDF5D28B24F93F0E003C3C5D /* Release */ = {
			isa = XCBuildConfiguration;
			buildSettings = {
				ALWAYS_SEARCH_USER_PATHS = NO;
				CLANG_ANALYZER_NONNULL = YES;
				CLANG_ANALYZER_NUMBER_OBJECT_CONVERSION = YES_AGGRESSIVE;
				CLANG_CXX_LANGUAGE_STANDARD = "gnu++14";
				CLANG_CXX_LIBRARY = "libc++";
				CLANG_ENABLE_MODULES = YES;
				CLANG_ENABLE_OBJC_ARC = YES;
				CLANG_ENABLE_OBJC_WEAK = YES;
				CLANG_WARN_BLOCK_CAPTURE_AUTORELEASING = YES;
				CLANG_WARN_BOOL_CONVERSION = YES;
				CLANG_WARN_COMMA = YES;
				CLANG_WARN_CONSTANT_CONVERSION = YES;
				CLANG_WARN_DEPRECATED_OBJC_IMPLEMENTATIONS = YES;
				CLANG_WARN_DIRECT_OBJC_ISA_USAGE = YES_ERROR;
				CLANG_WARN_DOCUMENTATION_COMMENTS = YES;
				CLANG_WARN_EMPTY_BODY = YES;
				CLANG_WARN_ENUM_CONVERSION = YES;
				CLANG_WARN_INFINITE_RECURSION = YES;
				CLANG_WARN_INT_CONVERSION = YES;
				CLANG_WARN_NON_LITERAL_NULL_CONVERSION = YES;
				CLANG_WARN_OBJC_IMPLICIT_RETAIN_SELF = YES;
				CLANG_WARN_OBJC_LITERAL_CONVERSION = YES;
				CLANG_WARN_OBJC_ROOT_CLASS = YES_ERROR;
				CLANG_WARN_RANGE_LOOP_ANALYSIS = YES;
				CLANG_WARN_STRICT_PROTOTYPES = YES;
				CLANG_WARN_SUSPICIOUS_MOVE = YES;
				CLANG_WARN_UNGUARDED_AVAILABILITY = YES_AGGRESSIVE;
				CLANG_WARN_UNREACHABLE_CODE = YES;
				CLANG_WARN__DUPLICATE_METHOD_MATCH = YES;
				COPY_PHASE_STRIP = NO;
				DEBUG_INFORMATION_FORMAT = "dwarf-with-dsym";
				ENABLE_NS_ASSERTIONS = NO;
				ENABLE_STRICT_OBJC_MSGSEND = YES;
				GCC_C_LANGUAGE_STANDARD = gnu11;
				GCC_NO_COMMON_BLOCKS = YES;
				GCC_WARN_64_TO_32_BIT_CONVERSION = YES;
				GCC_WARN_ABOUT_RETURN_TYPE = YES_ERROR;
				GCC_WARN_UNDECLARED_SELECTOR = YES;
				GCC_WARN_UNINITIALIZED_AUTOS = YES_AGGRESSIVE;
				GCC_WARN_UNUSED_FUNCTION = YES;
				GCC_WARN_UNUSED_VARIABLE = YES;
				IPHONEOS_DEPLOYMENT_TARGET = 13.6;
				MTL_ENABLE_DEBUG_INFO = NO;
				MTL_FAST_MATH = YES;
				SDKROOT = iphoneos;
				SWIFT_COMPILATION_MODE = wholemodule;
				SWIFT_OPTIMIZATION_LEVEL = "-O";
				VALIDATE_PRODUCT = YES;
			};
			name = Release;
		};
		EDF5D28D24F93F0E003C3C5D /* Debug */ = {
			isa = XCBuildConfiguration;
			baseConfigurationReference = 2DB4443F51985EB763FC1FD2 /* Pods-Test.debug.xcconfig */;
			buildSettings = {
				ASSETCATALOG_COMPILER_APPICON_NAME = AppIcon;
				CODE_SIGN_STYLE = Automatic;
				DEVELOPMENT_TEAM = 7UGQE8DF6B;
				INFOPLIST_FILE = Test/Info.plist;
				LD_RUNPATH_SEARCH_PATHS = (
					"$(inherited)",
					"@executable_path/Frameworks",
				);
				PRODUCT_BUNDLE_IDENTIFIER = com.deepspace.Test;
				PRODUCT_NAME = "$(TARGET_NAME)";
				SWIFT_VERSION = 5.0;
				TARGETED_DEVICE_FAMILY = "1,2";
			};
			name = Debug;
		};
		EDF5D28E24F93F0E003C3C5D /* Release */ = {
			isa = XCBuildConfiguration;
			baseConfigurationReference = 1E16A919E3EC60AEB39E7F67 /* Pods-Test.release.xcconfig */;
			buildSettings = {
				ASSETCATALOG_COMPILER_APPICON_NAME = AppIcon;
				CODE_SIGN_STYLE = Automatic;
				DEVELOPMENT_TEAM = 7UGQE8DF6B;
				INFOPLIST_FILE = Test/Info.plist;
				LD_RUNPATH_SEARCH_PATHS = (
					"$(inherited)",
					"@executable_path/Frameworks",
				);
				PRODUCT_BUNDLE_IDENTIFIER = com.deepspace.Test;
				PRODUCT_NAME = "$(TARGET_NAME)";
				SWIFT_VERSION = 5.0;
				TARGETED_DEVICE_FAMILY = "1,2";
			};
			name = Release;
		};
		EDF5D29024F93F0E003C3C5D /* Debug */ = {
			isa = XCBuildConfiguration;
			baseConfigurationReference = 944578B8237F760F79BA5DA2 /* Pods-TestTests.debug.xcconfig */;
			buildSettings = {
				ALWAYS_EMBED_SWIFT_STANDARD_LIBRARIES = YES;
				BUNDLE_LOADER = "$(TEST_HOST)";
				CODE_SIGN_STYLE = Automatic;
				DEVELOPMENT_TEAM = 7UGQE8DF6B;
				INFOPLIST_FILE = TestTests/Info.plist;
				IPHONEOS_DEPLOYMENT_TARGET = 13.6;
				LD_RUNPATH_SEARCH_PATHS = (
					"$(inherited)",
					"@executable_path/Frameworks",
					"@loader_path/Frameworks",
				);
				PRODUCT_BUNDLE_IDENTIFIER = com.deepspace.TestTests;
				PRODUCT_NAME = "$(TARGET_NAME)";
				SWIFT_VERSION = 5.0;
				TARGETED_DEVICE_FAMILY = "1,2";
				TEST_HOST = "$(BUILT_PRODUCTS_DIR)/Test.app/Test";
			};
			name = Debug;
		};
		EDF5D29124F93F0E003C3C5D /* Release */ = {
			isa = XCBuildConfiguration;
			baseConfigurationReference = 57FFDF707C4D5C9E3AA5EDFE /* Pods-TestTests.release.xcconfig */;
			buildSettings = {
				ALWAYS_EMBED_SWIFT_STANDARD_LIBRARIES = YES;
				BUNDLE_LOADER = "$(TEST_HOST)";
				CODE_SIGN_STYLE = Automatic;
				DEVELOPMENT_TEAM = 7UGQE8DF6B;
				INFOPLIST_FILE = TestTests/Info.plist;
				IPHONEOS_DEPLOYMENT_TARGET = 13.6;
				LD_RUNPATH_SEARCH_PATHS = (
					"$(inherited)",
					"@executable_path/Frameworks",
					"@loader_path/Frameworks",
				);
				PRODUCT_BUNDLE_IDENTIFIER = com.deepspace.TestTests;
				PRODUCT_NAME = "$(TARGET_NAME)";
				SWIFT_VERSION = 5.0;
				TARGETED_DEVICE_FAMILY = "1,2";
				TEST_HOST = "$(BUILT_PRODUCTS_DIR)/Test.app/Test";
			};
			name = Release;
		};
		EDF5D29324F93F0E003C3C5D /* Debug */ = {
			isa = XCBuildConfiguration;
			baseConfigurationReference = 3E0C484B4E0B37A0FDBBC784 /* Pods-Test-TestUITests.debug.xcconfig */;
			buildSettings = {
				ALWAYS_EMBED_SWIFT_STANDARD_LIBRARIES = YES;
				CODE_SIGN_STYLE = Automatic;
				DEVELOPMENT_TEAM = 7UGQE8DF6B;
				INFOPLIST_FILE = TestUITests/Info.plist;
				LD_RUNPATH_SEARCH_PATHS = (
					"$(inherited)",
					"@executable_path/Frameworks",
					"@loader_path/Frameworks",
				);
				PRODUCT_BUNDLE_IDENTIFIER = com.deepspace.TestUITests;
				PRODUCT_NAME = "$(TARGET_NAME)";
				SWIFT_VERSION = 5.0;
				TARGETED_DEVICE_FAMILY = "1,2";
				TEST_TARGET_NAME = Test;
			};
			name = Debug;
		};
		EDF5D29424F93F0E003C3C5D /* Release */ = {
			isa = XCBuildConfiguration;
			baseConfigurationReference = 5F14D1CA08BFE8DCE0D3ADCE /* Pods-Test-TestUITests.release.xcconfig */;
			buildSettings = {
				ALWAYS_EMBED_SWIFT_STANDARD_LIBRARIES = YES;
				CODE_SIGN_STYLE = Automatic;
				DEVELOPMENT_TEAM = 7UGQE8DF6B;
				INFOPLIST_FILE = TestUITests/Info.plist;
				LD_RUNPATH_SEARCH_PATHS = (
					"$(inherited)",
					"@executable_path/Frameworks",
					"@loader_path/Frameworks",
				);
				PRODUCT_BUNDLE_IDENTIFIER = com.deepspace.TestUITests;
				PRODUCT_NAME = "$(TARGET_NAME)";
				SWIFT_VERSION = 5.0;
				TARGETED_DEVICE_FAMILY = "1,2";
				TEST_TARGET_NAME = Test;
			};
			name = Release;
		};
/* End XCBuildConfiguration section */

/* Begin XCConfigurationList section */
		EDF5D25A24F93F0D003C3C5D /* Build configuration list for PBXProject "Test" */ = {
			isa = XCConfigurationList;
			buildConfigurations = (
				EDF5D28A24F93F0E003C3C5D /* Debug */,
				EDF5D28B24F93F0E003C3C5D /* Release */,
			);
			defaultConfigurationIsVisible = 0;
			defaultConfigurationName = Release;
		};
		EDF5D28C24F93F0E003C3C5D /* Build configuration list for PBXNativeTarget "Test" */ = {
			isa = XCConfigurationList;
			buildConfigurations = (
				EDF5D28D24F93F0E003C3C5D /* Debug */,
				EDF5D28E24F93F0E003C3C5D /* Release */,
			);
			defaultConfigurationIsVisible = 0;
			defaultConfigurationName = Release;
		};
		EDF5D28F24F93F0E003C3C5D /* Build configuration list for PBXNativeTarget "TestTests" */ = {
			isa = XCConfigurationList;
			buildConfigurations = (
				EDF5D29024F93F0E003C3C5D /* Debug */,
				EDF5D29124F93F0E003C3C5D /* Release */,
			);
			defaultConfigurationIsVisible = 0;
			defaultConfigurationName = Release;
		};
		EDF5D29224F93F0E003C3C5D /* Build configuration list for PBXNativeTarget "TestUITests" */ = {
			isa = XCConfigurationList;
			buildConfigurations = (
				EDF5D29324F93F0E003C3C5D /* Debug */,
				EDF5D29424F93F0E003C3C5D /* Release */,
			);
			defaultConfigurationIsVisible = 0;
			defaultConfigurationName = Release;
		};
/* End XCConfigurationList section */

/* Begin XCVersionGroup section */
		EDF5D26B24F93F0E003C3C5D /* Test.xcdatamodeld */ = {
			isa = XCVersionGroup;
			children = (
				EDF5D26C24F93F0E003C3C5D /* Test.xcdatamodel */,
			);
			currentVersion = EDF5D26C24F93F0E003C3C5D /* Test.xcdatamodel */;
			path = Test.xcdatamodeld;
			sourceTree = "<group>";
			versionGroupType = wrapper.xcdatamodel;
		};
/* End XCVersionGroup section */
	};
	rootObject = EDF5D25724F93F0D003C3C5D /* Project object */;
}
